DEPENDENCIES
  kitchen-docker-host
    path: cookbooks/kitchen-docker-host

GRAPH
  compat_resource (12.10.7)
  docker (2.9.3)
    compat_resource (>= 12.9.0)
  kitchen-docker-host (0.2.0)
    docker (>= 0.0.0)
    selinux (>= 0.0.0)
    yum-epel (>= 0.0.0)
  selinux (0.9.0)
  yum (3.10.0)
  yum-epel (0.6.5)
    yum (~> 3.2)
