DEPENDENCIES
  kitchen-docker-host
    path: .
    metadata: true

GRAPH
  compat_resource (12.16.3)
  docker (2.15.2)
  kitchen-docker-host (0.3.0)
    docker (>= 0.0.0)
    sysctl (>= 0.0.0)
    yum-epel (>= 0.0.0)
  ohai (5.0.2)
  sysctl (0.8.1)
    ohai (>= 4.0)
  yum-epel (2.1.1)
    compat_resource (>= 12.16.3)
